
Microsoft Visual Studio Solution File, Format Version 12.00
# Visual Studio Version 17
VisualStudioVersion = 17.0.31903.59
MinimumVisualStudioVersion = 10.0.40219.1
Project("{2150E333-8FDC-42A3-9474-1A3956D46DE8}") = "src", "src", "{8CA48B16-8025-4190-B54B-D3931160D8BF}"
EndProject
Project("{FAE04EC0-301F-11D3-BF4B-00C04F79EFBC}") = "WebApi", "src\WebApi\WebApi.csproj", "{D63B4059-068F-4EE8-9E05-4C740F6ABAAF}"
EndProject
Project("{2150E333-8FDC-42A3-9474-1A3956D46DE8}") = "test", "test", "{7950D739-9405-4EF1-B242-1A40668F4FBD}"
EndProject
Project("{FAE04EC0-301F-11D3-BF4B-00C04F79EFBC}") = "WebApiTests", "test\WebApiTests\WebApiTests.csproj", "{199951FE-F2F5-4065-903B-89A956BE5582}"
EndProject
Global
	GlobalSection(SolutionConfigurationPlatforms) = preSolution
		Debug|Any CPU = Debug|Any CPU
		Release|Any CPU = Release|Any CPU
	EndGlobalSection
	GlobalSection(SolutionProperties) = preSolution
		HideSolutionNode = FALSE
	EndGlobalSection
	GlobalSection(ProjectConfigurationPlatforms) = postSolution
		{D63B4059-068F-4EE8-9E05-4C740F6ABAAF}.Debug|Any CPU.ActiveCfg = Debug|Any CPU
		{D63B4059-068F-4EE8-9E05-4C740F6ABAAF}.Debug|Any CPU.Build.0 = Debug|Any CPU
		{D63B4059-068F-4EE8-9E05-4C740F6ABAAF}.Release|Any CPU.ActiveCfg = Release|Any CPU
		{D63B4059-068F-4EE8-9E05-4C740F6ABAAF}.Release|Any CPU.Build.0 = Release|Any CPU
		{199951FE-F2F5-4065-903B-89A956BE5582}.Debug|Any CPU.ActiveCfg = Debug|Any CPU
		{199951FE-F2F5-4065-903B-89A956BE5582}.Debug|Any CPU.Build.0 = Debug|Any CPU
		{199951FE-F2F5-4065-903B-89A956BE5582}.Release|Any CPU.ActiveCfg = Release|Any CPU
		{199951FE-F2F5-4065-903B-89A956BE5582}.Release|Any CPU.Build.0 = Release|Any CPU
	EndGlobalSection
	GlobalSection(NestedProjects) = preSolution
		{D63B4059-068F-4EE8-9E05-4C740F6ABAAF} = {8CA48B16-8025-4190-B54B-D3931160D8BF}
		{199951FE-F2F5-4065-903B-89A956BE5582} = {7950D739-9405-4EF1-B242-1A40668F4FBD}
	EndGlobalSection
EndGlobal
